{
  "name": "react-modal-x-example",
  "version": "0.0.0",
  "lockfileVersion": 1,
  "requires": true,
  "dependencies": {
    "@babel/helper-plugin-utils": {
      "version": "7.12.13",
      "resolved": "https://registry.npmjs.org/@babel/helper-plugin-utils/-/helper-plugin-utils-7.12.13.tgz",
      "integrity": "sha512-C+10MXCXJLiR6IeG9+Wiejt9jmtFpxUc3MQqCmPY8hfCjyUGl9kT+B2okzEZrtykiwrc4dbCPdDoz0A/HQbDaA==",
      "dev": true
    },
    "@babel/plugin-syntax-object-rest-spread": {
      "version": "7.8.3",
      "resolved": "https://registry.npmjs.org/@babel/plugin-syntax-object-rest-spread/-/plugin-syntax-object-rest-spread-7.8.3.tgz",
      "integrity": "sha512-XoqMijGZb9y3y2XskN+P1wUGiVwWZ5JmoDRwx5+3GmEplNyVM2s2Dg8ILFQm8rWM48orGy5YpI5Bl8U1y7ydlA==",
      "dev": true,
      "requires": {
        "@babel/helper-plugin-utils": "^7.8.0"
      }
    },
    "@types/prop-types": {
      "version": "15.7.3",
      "resolved": "https://registry.npmjs.org/@types/prop-types/-/prop-types-15.7.3.tgz",
      "integrity": "sha512-KfRL3PuHmqQLOG+2tGpRO26Ctg+Cq1E01D2DMriKEATHgWLfeNDmq9e29Q9WIky0dQ3NPkd1mzYH8Lm936Z9qw=="
    },
    "@types/react-highlight.js": {
      "version": "1.0.0",
      "resolved": "https://registry.npmjs.org/@types/react-highlight.js/-/react-highlight.js-1.0.0.tgz",
      "integrity": "sha512-5VXEuo2O9L66y/2GDQSGFTggQkpOvDc/p2ma1KHadu7o/H720HK3Fr83epd4wtQky7B/RoCPat0SKyhlhiUo7A==",
      "requires": {
        "@types/react": "*"
      },
      "dependencies": {
        "@types/react": {
          "version": "17.0.1",
          "resolved": "https://registry.npmjs.org/@types/react/-/react-17.0.1.tgz",
          "integrity": "sha512-w8t9f53B2ei4jeOqf/gxtc2Sswnc3LBK5s0DyJcg5xd10tMHXts2N31cKjWfH9IC/JvEPa/YF1U4YeP1t4R6HQ==",
          "requires": {
            "@types/prop-types": "*",
            "csstype": "^3.0.2"
          }
        }
      }
    },
    "csstype": {
      "version": "3.0.6",
      "resolved": "https://registry.npmjs.org/csstype/-/csstype-3.0.6.tgz",
      "integrity": "sha512-+ZAmfyWMT7TiIlzdqJgjMb7S4f1beorDbWbsocyK4RaiqA5RTX3K14bnBWmmA9QEM0gRdsjyyrEmcyga8Zsxmw=="
    },
    "highlight.js": {
      "version": "9.15.10",
      "resolved": "https://registry.npmjs.org/highlight.js/-/highlight.js-9.15.10.tgz",
      "integrity": "sha512-RoV7OkQm0T3os3Dd2VHLNMoaoDVx77Wygln3n9l5YV172XonWG6rgQD3XnF/BuFFZw9A0TJgmMSO8FEWQgvcXw=="
    },
    "js-tokens": {
      "version": "4.0.0",
      "resolved": "https://registry.npmjs.org/js-tokens/-/js-tokens-4.0.0.tgz",
      "integrity": "sha512-RdJUflcE3cUzKiMqQgsCu06FPu9UdIJO0beYbPhHN4k6apgJtifcoCtT9bcxOpYBtpD2kCM6Sbzg4CausW/PKQ=="
    },
    "loose-envify": {
      "version": "1.4.0",
      "resolved": "https://registry.npmjs.org/loose-envify/-/loose-envify-1.4.0.tgz",
      "integrity": "sha512-lyuxPGr/Wfhrlem2CL/UcnUc1zcqKAImBDzukY7Y5F/yQiNdko6+fRLevlw1HgMySw7f611UIY408EtxRSoK3Q==",
      "requires": {
        "js-tokens": "^3.0.0 || ^4.0.0"
      }
    },
    "object-assign": {
      "version": "4.1.1",
      "resolved": "https://registry.npmjs.org/object-assign/-/object-assign-4.1.1.tgz",
      "integrity": "sha1-IQmtx5ZYh8/AXLvUQsrIv7s2CGM="
    },
    "prop-types": {
      "version": "15.7.2",
      "resolved": "https://registry.npmjs.org/prop-types/-/prop-types-15.7.2.tgz",
      "integrity": "sha512-8QQikdH7//R2vurIJSutZ1smHYTcLpRWEOlHnzcWHmBYrOGUysKwSsrC89BCiFj3CbrfJ/nXFdJepOVrY1GCHQ==",
      "requires": {
        "loose-envify": "^1.4.0",
        "object-assign": "^4.1.1",
        "react-is": "^16.8.1"
      }
    },
    "react-highlight.js": {
      "version": "1.0.7",
      "resolved": "https://registry.npmjs.org/react-highlight.js/-/react-highlight.js-1.0.7.tgz",
      "integrity": "sha512-OVPKnV0ZvU+V//HExwbV8M9CWy49Eo/9y9pBN2OsNWUFPN6dE4YZBLmJW/5sM2DxI5v/QQLyxOnTnSSfGCP+9Q==",
      "requires": {
        "highlight.js": "^9.3.0",
        "prop-types": "^15.6.0"
      }
    },
    "react-is": {
      "version": "16.13.1",
      "resolved": "https://registry.npmjs.org/react-is/-/react-is-16.13.1.tgz",
      "integrity": "sha512-24e6ynE2H+OKt4kqsOvNd8kBpV65zoxbA4BVsEOB3ARVWQki/DHzaUoC5KuON/BiccDaCCTZBuOcfZs70kR8bQ=="
    }
  }
}
